
Microsoft Visual Studio Solution File, Format Version 12.00
# Visual Studio Version 17
VisualStudioVersion = 17.11.35303.130
MinimumVisualStudioVersion = 10.0.40219.1
Project("{9A19103F-16F7-4668-BE54-9A1E7A4F7556}") = "azure_exam", "azure_exam\azure_exam.csproj", "{FB909FA1-CBCD-4582-B4F0-A83C596965A3}"
EndProject
Project("{FAE04EC0-301F-11D3-BF4B-00C04F79EFBC}") = "ChatCleanupFunc", "ChatCleanupFunc\ChatCleanupFunc.csproj", "{7A2AC13C-4EF4-41E4-98BF-7019EC785631}"
EndProject
Global
	GlobalSection(SolutionConfigurationPlatforms) = preSolution
		Debug|Any CPU = Debug|Any CPU
		Release|Any CPU = Release|Any CPU
	EndGlobalSection
	GlobalSection(ProjectConfigurationPlatforms) = postSolution
		{FB909FA1-CBCD-4582-B4F0-A83C596965A3}.Debug|Any CPU.ActiveCfg = Debug|Any CPU
		{FB909FA1-CBCD-4582-B4F0-A83C596965A3}.Debug|Any CPU.Build.0 = Debug|Any CPU
		{FB909FA1-CBCD-4582-B4F0-A83C596965A3}.Release|Any CPU.ActiveCfg = Release|Any CPU
		{FB909FA1-CBCD-4582-B4F0-A83C596965A3}.Release|Any CPU.Build.0 = Release|Any CPU
		{7A2AC13C-4EF4-41E4-98BF-7019EC785631}.Debug|Any CPU.ActiveCfg = Debug|Any CPU
		{7A2AC13C-4EF4-41E4-98BF-7019EC785631}.Debug|Any CPU.Build.0 = Debug|Any CPU
		{7A2AC13C-4EF4-41E4-98BF-7019EC785631}.Release|Any CPU.ActiveCfg = Release|Any CPU
		{7A2AC13C-4EF4-41E4-98BF-7019EC785631}.Release|Any CPU.Build.0 = Release|Any CPU
	EndGlobalSection
	GlobalSection(SolutionProperties) = preSolution
		HideSolutionNode = FALSE
	EndGlobalSection
	GlobalSection(ExtensibilityGlobals) = postSolution
		SolutionGuid = {EDE137A9-1519-4B90-B800-6D4320CCC68F}
	EndGlobalSection
EndGlobal
